
Microsoft Visual Studio Solution File, Format Version 12.00
# Visual Studio Version 16
VisualStudioVersion = 16.0.31019.35
MinimumVisualStudioVersion = 10.0.40219.1
Project("{FAE04EC0-301F-11D3-BF4B-00C04F79EFBC}") = "ListTasks", "ListTasks\ListTasks.csproj", "{C165E2E9-8BF2-4B7E-9A8F-F170CF0A0B16}"
EndProject
Project("{FAE04EC0-301F-11D3-BF4B-00C04F79EFBC}") = "ElementsFromListAreDiff", "ElementsFromListAreDiff\ElementsFromListAreDiff.csproj", "{74452777-A537-4F82-BA89-8D72E3C70B64}"
EndProject
Global
	GlobalSection(SolutionConfigurationPlatforms) = preSolution
		Debug|Any CPU = Debug|Any CPU
		Release|Any CPU = Release|Any CPU
	EndGlobalSection
	GlobalSection(ProjectConfigurationPlatforms) = postSolution
		{C165E2E9-8BF2-4B7E-9A8F-F170CF0A0B16}.Debug|Any CPU.ActiveCfg = Debug|Any CPU
		{C165E2E9-8BF2-4B7E-9A8F-F170CF0A0B16}.Debug|Any CPU.Build.0 = Debug|Any CPU
		{C165E2E9-8BF2-4B7E-9A8F-F170CF0A0B16}.Release|Any CPU.ActiveCfg = Release|Any CPU
		{C165E2E9-8BF2-4B7E-9A8F-F170CF0A0B16}.Release|Any CPU.Build.0 = Release|Any CPU
		{74452777-A537-4F82-BA89-8D72E3C70B64}.Debug|Any CPU.ActiveCfg = Debug|Any CPU
		{74452777-A537-4F82-BA89-8D72E3C70B64}.Debug|Any CPU.Build.0 = Debug|Any CPU
		{74452777-A537-4F82-BA89-8D72E3C70B64}.Release|Any CPU.ActiveCfg = Release|Any CPU
		{74452777-A537-4F82-BA89-8D72E3C70B64}.Release|Any CPU.Build.0 = Release|Any CPU
	EndGlobalSection
	GlobalSection(SolutionProperties) = preSolution
		HideSolutionNode = FALSE
	EndGlobalSection
	GlobalSection(ExtensibilityGlobals) = postSolution
		SolutionGuid = {5F291BED-4855-4459-B76F-5921D5E5138A}
	EndGlobalSection
EndGlobal
