
Microsoft Visual Studio Solution File, Format Version 12.00
# Visual Studio Version 16
VisualStudioVersion = 16.0.31019.35
MinimumVisualStudioVersion = 10.0.40219.1
Project("{FAE04EC0-301F-11D3-BF4B-00C04F79EFBC}") = "StackTasks", "StackTasks\StackTasks.csproj", "{0CB58A93-178E-4D3E-948A-31E5A7518FBD}"
EndProject
Project("{FAE04EC0-301F-11D3-BF4B-00C04F79EFBC}") = "StackContaintNum", "StackContaintNum\StackContaintNum.csproj", "{63C2ECB4-3F19-4C08-AB7F-8658B1F71F9C}"
EndProject
Global
	GlobalSection(SolutionConfigurationPlatforms) = preSolution
		Debug|Any CPU = Debug|Any CPU
		Release|Any CPU = Release|Any CPU
	EndGlobalSection
	GlobalSection(ProjectConfigurationPlatforms) = postSolution
		{0CB58A93-178E-4D3E-948A-31E5A7518FBD}.Debug|Any CPU.ActiveCfg = Debug|Any CPU
		{0CB58A93-178E-4D3E-948A-31E5A7518FBD}.Debug|Any CPU.Build.0 = Debug|Any CPU
		{0CB58A93-178E-4D3E-948A-31E5A7518FBD}.Release|Any CPU.ActiveCfg = Release|Any CPU
		{0CB58A93-178E-4D3E-948A-31E5A7518FBD}.Release|Any CPU.Build.0 = Release|Any CPU
		{63C2ECB4-3F19-4C08-AB7F-8658B1F71F9C}.Debug|Any CPU.ActiveCfg = Debug|Any CPU
		{63C2ECB4-3F19-4C08-AB7F-8658B1F71F9C}.Debug|Any CPU.Build.0 = Debug|Any CPU
		{63C2ECB4-3F19-4C08-AB7F-8658B1F71F9C}.Release|Any CPU.ActiveCfg = Release|Any CPU
		{63C2ECB4-3F19-4C08-AB7F-8658B1F71F9C}.Release|Any CPU.Build.0 = Release|Any CPU
	EndGlobalSection
	GlobalSection(SolutionProperties) = preSolution
		HideSolutionNode = FALSE
	EndGlobalSection
	GlobalSection(ExtensibilityGlobals) = postSolution
		SolutionGuid = {1206BD61-D820-4973-A893-A8286C13364D}
	EndGlobalSection
EndGlobal
