
Microsoft Visual Studio Solution File, Format Version 12.00
# Visual Studio Version 16
VisualStudioVersion = 16.0.31019.35
MinimumVisualStudioVersion = 10.0.40219.1
Project("{FAE04EC0-301F-11D3-BF4B-00C04F79EFBC}") = "Pizza-Project", "Pizza-Project\Pizza-Project.csproj", "{78FD49E5-BC76-440B-A2AF-9CA689215761}"
EndProject
Global
	GlobalSection(SolutionConfigurationPlatforms) = preSolution
		Debug|Any CPU = Debug|Any CPU
		Release|Any CPU = Release|Any CPU
	EndGlobalSection
	GlobalSection(ProjectConfigurationPlatforms) = postSolution
		{78FD49E5-BC76-440B-A2AF-9CA689215761}.Debug|Any CPU.ActiveCfg = Debug|Any CPU
		{78FD49E5-BC76-440B-A2AF-9CA689215761}.Debug|Any CPU.Build.0 = Debug|Any CPU
		{78FD49E5-BC76-440B-A2AF-9CA689215761}.Release|Any CPU.ActiveCfg = Release|Any CPU
		{78FD49E5-BC76-440B-A2AF-9CA689215761}.Release|Any CPU.Build.0 = Release|Any CPU
	EndGlobalSection
	GlobalSection(SolutionProperties) = preSolution
		HideSolutionNode = FALSE
	EndGlobalSection
	GlobalSection(ExtensibilityGlobals) = postSolution
		SolutionGuid = {F3097315-A831-4FC1-BE45-8E6E2499DCD3}
	EndGlobalSection
EndGlobal
